
Microsoft Visual Studio Solution File, Format Version 12.00
# Visual Studio 15
VisualStudioVersion = 15.0.26730.12
MinimumVisualStudioVersion = 10.0.40219.1
Project("{FAE04EC0-301F-11D3-BF4B-00C04F79EFBC}") = "MAD.Lesson3", "MAD.Lesson3\MAD.Lesson3.csproj", "{852044AF-0C33-44D2-AD2C-0FB04285306F}"
EndProject
Global
	GlobalSection(SolutionConfigurationPlatforms) = preSolution
		Debug|Any CPU = Debug|Any CPU
		Release|Any CPU = Release|Any CPU
	EndGlobalSection
	GlobalSection(ProjectConfigurationPlatforms) = postSolution
		{852044AF-0C33-44D2-AD2C-0FB04285306F}.Debug|Any CPU.ActiveCfg = Debug|Any CPU
		{852044AF-0C33-44D2-AD2C-0FB04285306F}.Debug|Any CPU.Build.0 = Debug|Any CPU
		{852044AF-0C33-44D2-AD2C-0FB04285306F}.Release|Any CPU.ActiveCfg = Release|Any CPU
		{852044AF-0C33-44D2-AD2C-0FB04285306F}.Release|Any CPU.Build.0 = Release|Any CPU
	EndGlobalSection
	GlobalSection(SolutionProperties) = preSolution
		HideSolutionNode = FALSE
	EndGlobalSection
	GlobalSection(ExtensibilityGlobals) = postSolution
		SolutionGuid = {F370DCDA-3563-45C8-9D70-014FB48263F2}
	EndGlobalSection
EndGlobal
