
Microsoft Visual Studio Solution File, Format Version 12.00
# Visual Studio 15
VisualStudioVersion = 15.0.27130.2036
MinimumVisualStudioVersion = 10.0.40219.1
Project("{9A19103F-16F7-4668-BE54-9A1E7A4F7556}") = "MAD.Lesson2", "MAD.Lesson2\MAD.Lesson2.csproj", "{852044AF-0C33-44D2-AD2C-0FB04285306F}"
EndProject
Project("{9A19103F-16F7-4668-BE54-9A1E7A4F7556}") = "MAD.Lesson3", "MAD.Lesson3\MAD.Lesson3.csproj", "{E4465C04-D4D8-4200-95B8-87DA6ACB7B54}"
EndProject
Project("{9A19103F-16F7-4668-BE54-9A1E7A4F7556}") = "MAD.Lesson4", "MAD.Lesson4\MAD.Lesson4.csproj", "{CB9C4949-DB15-458A-A0CB-E794D20C181A}"
EndProject
Project("{9A19103F-16F7-4668-BE54-9A1E7A4F7556}") = "MAD.Lesson5", "MAD.Lesson5\MAD.Lesson5.csproj", "{FF297D40-500D-4913-A85C-A82666350493}"
EndProject
Project("{9A19103F-16F7-4668-BE54-9A1E7A4F7556}") = "MAD.Lesson6", "MAD.Lesson6\MAD.Lesson6.csproj", "{12FDD963-B9F9-45E2-8E51-F31FD7D54B7D}"
EndProject
Project("{9A19103F-16F7-4668-BE54-9A1E7A4F7556}") = "MAD.Lesson7", "MAD.Lesson7\MAD.Lesson7.csproj", "{4FBE8C92-06D7-4F7B-A745-51D14D607B14}"
EndProject
Project("{9A19103F-16F7-4668-BE54-9A1E7A4F7556}") = "MAD.Lesson8", "MAD.Lesson8\MAD.Lesson8.csproj", "{6B66B738-4436-4EB0-A0FF-86EF454E9635}"
EndProject
Project("{9A19103F-16F7-4668-BE54-9A1E7A4F7556}") = "MAD.Lesson9", "MAD.Lesson9\MAD.Lesson9.csproj", "{DF2F53B9-CBBD-4DA1-8056-8FD9229C0234}"
EndProject
Project("{9A19103F-16F7-4668-BE54-9A1E7A4F7556}") = "MAD.Lesson10", "MAD.Lesson10\MAD.Lesson10.csproj", "{D64F503D-891C-463E-ABB0-6C99E646FC0D}"
EndProject
Project("{9A19103F-16F7-4668-BE54-9A1E7A4F7556}") = "MAD.Lesson11", "MAD.Lesson11\MAD.Lesson11.csproj", "{B1FD71EB-877A-42DE-97AD-C65F8815F550}"
EndProject
Project("{9A19103F-16F7-4668-BE54-9A1E7A4F7556}") = "MAD.Project", "MAD.Project\MAD.Project.csproj", "{A1279882-2F5B-4938-87C6-BE13744CFDDD}"
EndProject
Project("{2150E333-8FDC-42A3-9474-1A3956D46DE8}") = "MAD I", "MAD I", "{87D8F592-7B4A-4FF3-A062-2A626C443F04}"
EndProject
Project("{2150E333-8FDC-42A3-9474-1A3956D46DE8}") = "MAD II", "MAD II", "{6EBC7618-BB06-46CF-AF36-77B37007B507}"
EndProject
Project("{9A19103F-16F7-4668-BE54-9A1E7A4F7556}") = "MAD2.Lesson1", "MAD2.Lesson1\MAD2.Lesson1.csproj", "{56A4908A-0B76-4713-B53B-2DF35BF5C50E}"
EndProject
Project("{9A19103F-16F7-4668-BE54-9A1E7A4F7556}") = "MAD2.Lesson2", "MAD2.Lesson2\MAD2.Lesson2.csproj", "{69BE0CB9-D038-4C11-8528-92E2AA4361D5}"
EndProject
Project("{9A19103F-16F7-4668-BE54-9A1E7A4F7556}") = "MAD2.Lesson3", "MAD2.Lesson3\MAD2.Lesson3.csproj", "{B70A5DD3-9A48-4211-BAB3-40E825BA1DC5}"
EndProject
Project("{9A19103F-16F7-4668-BE54-9A1E7A4F7556}") = "MAD2.Lesson4", "MAD2.Lesson4\MAD2.Lesson4.csproj", "{497CE69C-CC94-4FA2-8E57-45FD94B2EC52}"
EndProject
Project("{9A19103F-16F7-4668-BE54-9A1E7A4F7556}") = "MAD2.Lesson5", "MAD2.Lesson5\MAD2.Lesson5.csproj", "{98A7B1EE-1894-49DB-BF02-F3FB3EC300FE}"
EndProject
Project("{FAE04EC0-301F-11D3-BF4B-00C04F79EFBC}") = "MAD2.Lesson6", "MAD2.Lesson6\MAD2.Lesson6.csproj", "{970DA3C3-7FD6-46F3-BC00-1CF215931FD4}"
EndProject
Global
	GlobalSection(SolutionConfigurationPlatforms) = preSolution
		Debug|Any CPU = Debug|Any CPU
		Release|Any CPU = Release|Any CPU
	EndGlobalSection
	GlobalSection(ProjectConfigurationPlatforms) = postSolution
		{852044AF-0C33-44D2-AD2C-0FB04285306F}.Debug|Any CPU.ActiveCfg = Debug|Any CPU
		{852044AF-0C33-44D2-AD2C-0FB04285306F}.Debug|Any CPU.Build.0 = Debug|Any CPU
		{852044AF-0C33-44D2-AD2C-0FB04285306F}.Release|Any CPU.ActiveCfg = Release|Any CPU
		{852044AF-0C33-44D2-AD2C-0FB04285306F}.Release|Any CPU.Build.0 = Release|Any CPU
		{E4465C04-D4D8-4200-95B8-87DA6ACB7B54}.Debug|Any CPU.ActiveCfg = Debug|Any CPU
		{E4465C04-D4D8-4200-95B8-87DA6ACB7B54}.Debug|Any CPU.Build.0 = Debug|Any CPU
		{E4465C04-D4D8-4200-95B8-87DA6ACB7B54}.Release|Any CPU.ActiveCfg = Release|Any CPU
		{E4465C04-D4D8-4200-95B8-87DA6ACB7B54}.Release|Any CPU.Build.0 = Release|Any CPU
		{CB9C4949-DB15-458A-A0CB-E794D20C181A}.Debug|Any CPU.ActiveCfg = Debug|Any CPU
		{CB9C4949-DB15-458A-A0CB-E794D20C181A}.Debug|Any CPU.Build.0 = Debug|Any CPU
		{CB9C4949-DB15-458A-A0CB-E794D20C181A}.Release|Any CPU.ActiveCfg = Release|Any CPU
		{CB9C4949-DB15-458A-A0CB-E794D20C181A}.Release|Any CPU.Build.0 = Release|Any CPU
		{FF297D40-500D-4913-A85C-A82666350493}.Debug|Any CPU.ActiveCfg = Debug|Any CPU
		{FF297D40-500D-4913-A85C-A82666350493}.Debug|Any CPU.Build.0 = Debug|Any CPU
		{FF297D40-500D-4913-A85C-A82666350493}.Release|Any CPU.ActiveCfg = Release|Any CPU
		{FF297D40-500D-4913-A85C-A82666350493}.Release|Any CPU.Build.0 = Release|Any CPU
		{12FDD963-B9F9-45E2-8E51-F31FD7D54B7D}.Debug|Any CPU.ActiveCfg = Debug|Any CPU
		{12FDD963-B9F9-45E2-8E51-F31FD7D54B7D}.Debug|Any CPU.Build.0 = Debug|Any CPU
		{12FDD963-B9F9-45E2-8E51-F31FD7D54B7D}.Release|Any CPU.ActiveCfg = Release|Any CPU
		{12FDD963-B9F9-45E2-8E51-F31FD7D54B7D}.Release|Any CPU.Build.0 = Release|Any CPU
		{4FBE8C92-06D7-4F7B-A745-51D14D607B14}.Debug|Any CPU.ActiveCfg = Debug|Any CPU
		{4FBE8C92-06D7-4F7B-A745-51D14D607B14}.Debug|Any CPU.Build.0 = Debug|Any CPU
		{4FBE8C92-06D7-4F7B-A745-51D14D607B14}.Release|Any CPU.ActiveCfg = Release|Any CPU
		{4FBE8C92-06D7-4F7B-A745-51D14D607B14}.Release|Any CPU.Build.0 = Release|Any CPU
		{6B66B738-4436-4EB0-A0FF-86EF454E9635}.Debug|Any CPU.ActiveCfg = Debug|Any CPU
		{6B66B738-4436-4EB0-A0FF-86EF454E9635}.Debug|Any CPU.Build.0 = Debug|Any CPU
		{6B66B738-4436-4EB0-A0FF-86EF454E9635}.Release|Any CPU.ActiveCfg = Release|Any CPU
		{6B66B738-4436-4EB0-A0FF-86EF454E9635}.Release|Any CPU.Build.0 = Release|Any CPU
		{DF2F53B9-CBBD-4DA1-8056-8FD9229C0234}.Debug|Any CPU.ActiveCfg = Debug|Any CPU
		{DF2F53B9-CBBD-4DA1-8056-8FD9229C0234}.Debug|Any CPU.Build.0 = Debug|Any CPU
		{DF2F53B9-CBBD-4DA1-8056-8FD9229C0234}.Release|Any CPU.ActiveCfg = Release|Any CPU
		{DF2F53B9-CBBD-4DA1-8056-8FD9229C0234}.Release|Any CPU.Build.0 = Release|Any CPU
		{D64F503D-891C-463E-ABB0-6C99E646FC0D}.Debug|Any CPU.ActiveCfg = Debug|Any CPU
		{D64F503D-891C-463E-ABB0-6C99E646FC0D}.Debug|Any CPU.Build.0 = Debug|Any CPU
		{D64F503D-891C-463E-ABB0-6C99E646FC0D}.Release|Any CPU.ActiveCfg = Release|Any CPU
		{D64F503D-891C-463E-ABB0-6C99E646FC0D}.Release|Any CPU.Build.0 = Release|Any CPU
		{B1FD71EB-877A-42DE-97AD-C65F8815F550}.Debug|Any CPU.ActiveCfg = Debug|Any CPU
		{B1FD71EB-877A-42DE-97AD-C65F8815F550}.Debug|Any CPU.Build.0 = Debug|Any CPU
		{B1FD71EB-877A-42DE-97AD-C65F8815F550}.Release|Any CPU.ActiveCfg = Release|Any CPU
		{B1FD71EB-877A-42DE-97AD-C65F8815F550}.Release|Any CPU.Build.0 = Release|Any CPU
		{A1279882-2F5B-4938-87C6-BE13744CFDDD}.Debug|Any CPU.ActiveCfg = Debug|Any CPU
		{A1279882-2F5B-4938-87C6-BE13744CFDDD}.Debug|Any CPU.Build.0 = Debug|Any CPU
		{A1279882-2F5B-4938-87C6-BE13744CFDDD}.Release|Any CPU.ActiveCfg = Release|Any CPU
		{A1279882-2F5B-4938-87C6-BE13744CFDDD}.Release|Any CPU.Build.0 = Release|Any CPU
		{56A4908A-0B76-4713-B53B-2DF35BF5C50E}.Debug|Any CPU.ActiveCfg = Debug|Any CPU
		{56A4908A-0B76-4713-B53B-2DF35BF5C50E}.Debug|Any CPU.Build.0 = Debug|Any CPU
		{56A4908A-0B76-4713-B53B-2DF35BF5C50E}.Release|Any CPU.ActiveCfg = Release|Any CPU
		{56A4908A-0B76-4713-B53B-2DF35BF5C50E}.Release|Any CPU.Build.0 = Release|Any CPU
		{69BE0CB9-D038-4C11-8528-92E2AA4361D5}.Debug|Any CPU.ActiveCfg = Debug|Any CPU
		{69BE0CB9-D038-4C11-8528-92E2AA4361D5}.Debug|Any CPU.Build.0 = Debug|Any CPU
		{69BE0CB9-D038-4C11-8528-92E2AA4361D5}.Release|Any CPU.ActiveCfg = Release|Any CPU
		{69BE0CB9-D038-4C11-8528-92E2AA4361D5}.Release|Any CPU.Build.0 = Release|Any CPU
		{B70A5DD3-9A48-4211-BAB3-40E825BA1DC5}.Debug|Any CPU.ActiveCfg = Debug|Any CPU
		{B70A5DD3-9A48-4211-BAB3-40E825BA1DC5}.Debug|Any CPU.Build.0 = Debug|Any CPU
		{B70A5DD3-9A48-4211-BAB3-40E825BA1DC5}.Release|Any CPU.ActiveCfg = Release|Any CPU
		{B70A5DD3-9A48-4211-BAB3-40E825BA1DC5}.Release|Any CPU.Build.0 = Release|Any CPU
		{497CE69C-CC94-4FA2-8E57-45FD94B2EC52}.Debug|Any CPU.ActiveCfg = Debug|Any CPU
		{497CE69C-CC94-4FA2-8E57-45FD94B2EC52}.Debug|Any CPU.Build.0 = Debug|Any CPU
		{497CE69C-CC94-4FA2-8E57-45FD94B2EC52}.Release|Any CPU.ActiveCfg = Release|Any CPU
		{497CE69C-CC94-4FA2-8E57-45FD94B2EC52}.Release|Any CPU.Build.0 = Release|Any CPU
		{98A7B1EE-1894-49DB-BF02-F3FB3EC300FE}.Debug|Any CPU.ActiveCfg = Debug|Any CPU
		{98A7B1EE-1894-49DB-BF02-F3FB3EC300FE}.Debug|Any CPU.Build.0 = Debug|Any CPU
		{98A7B1EE-1894-49DB-BF02-F3FB3EC300FE}.Release|Any CPU.ActiveCfg = Release|Any CPU
		{98A7B1EE-1894-49DB-BF02-F3FB3EC300FE}.Release|Any CPU.Build.0 = Release|Any CPU
		{970DA3C3-7FD6-46F3-BC00-1CF215931FD4}.Debug|Any CPU.ActiveCfg = Debug|Any CPU
		{970DA3C3-7FD6-46F3-BC00-1CF215931FD4}.Debug|Any CPU.Build.0 = Debug|Any CPU
		{970DA3C3-7FD6-46F3-BC00-1CF215931FD4}.Release|Any CPU.ActiveCfg = Release|Any CPU
		{970DA3C3-7FD6-46F3-BC00-1CF215931FD4}.Release|Any CPU.Build.0 = Release|Any CPU
	EndGlobalSection
	GlobalSection(SolutionProperties) = preSolution
		HideSolutionNode = FALSE
	EndGlobalSection
	GlobalSection(NestedProjects) = preSolution
		{852044AF-0C33-44D2-AD2C-0FB04285306F} = {87D8F592-7B4A-4FF3-A062-2A626C443F04}
		{E4465C04-D4D8-4200-95B8-87DA6ACB7B54} = {87D8F592-7B4A-4FF3-A062-2A626C443F04}
		{CB9C4949-DB15-458A-A0CB-E794D20C181A} = {87D8F592-7B4A-4FF3-A062-2A626C443F04}
		{FF297D40-500D-4913-A85C-A82666350493} = {87D8F592-7B4A-4FF3-A062-2A626C443F04}
		{12FDD963-B9F9-45E2-8E51-F31FD7D54B7D} = {87D8F592-7B4A-4FF3-A062-2A626C443F04}
		{4FBE8C92-06D7-4F7B-A745-51D14D607B14} = {87D8F592-7B4A-4FF3-A062-2A626C443F04}
		{6B66B738-4436-4EB0-A0FF-86EF454E9635} = {87D8F592-7B4A-4FF3-A062-2A626C443F04}
		{DF2F53B9-CBBD-4DA1-8056-8FD9229C0234} = {87D8F592-7B4A-4FF3-A062-2A626C443F04}
		{D64F503D-891C-463E-ABB0-6C99E646FC0D} = {87D8F592-7B4A-4FF3-A062-2A626C443F04}
		{B1FD71EB-877A-42DE-97AD-C65F8815F550} = {87D8F592-7B4A-4FF3-A062-2A626C443F04}
		{A1279882-2F5B-4938-87C6-BE13744CFDDD} = {87D8F592-7B4A-4FF3-A062-2A626C443F04}
		{56A4908A-0B76-4713-B53B-2DF35BF5C50E} = {6EBC7618-BB06-46CF-AF36-77B37007B507}
		{69BE0CB9-D038-4C11-8528-92E2AA4361D5} = {6EBC7618-BB06-46CF-AF36-77B37007B507}
		{B70A5DD3-9A48-4211-BAB3-40E825BA1DC5} = {6EBC7618-BB06-46CF-AF36-77B37007B507}
		{497CE69C-CC94-4FA2-8E57-45FD94B2EC52} = {6EBC7618-BB06-46CF-AF36-77B37007B507}
		{98A7B1EE-1894-49DB-BF02-F3FB3EC300FE} = {6EBC7618-BB06-46CF-AF36-77B37007B507}
		{970DA3C3-7FD6-46F3-BC00-1CF215931FD4} = {6EBC7618-BB06-46CF-AF36-77B37007B507}
	EndGlobalSection
	GlobalSection(ExtensibilityGlobals) = postSolution
		SolutionGuid = {F370DCDA-3563-45C8-9D70-014FB48263F2}
	EndGlobalSection
EndGlobal
