
Microsoft Visual Studio Solution File, Format Version 12.00
# Visual Studio 15
VisualStudioVersion = 15.0.27004.2010
MinimumVisualStudioVersion = 10.0.40219.1
Project("{9A19103F-16F7-4668-BE54-9A1E7A4F7556}") = "MAD.Lesson2", "MAD.Lesson2\MAD.Lesson2.csproj", "{852044AF-0C33-44D2-AD2C-0FB04285306F}"
EndProject
Project("{9A19103F-16F7-4668-BE54-9A1E7A4F7556}") = "MAD.Lesson3", "MAD.Lesson3\MAD.Lesson3.csproj", "{E4465C04-D4D8-4200-95B8-87DA6ACB7B54}"
EndProject
Project("{9A19103F-16F7-4668-BE54-9A1E7A4F7556}") = "MAD.Lesson4", "MAD.Lesson4\MAD.Lesson4.csproj", "{CB9C4949-DB15-458A-A0CB-E794D20C181A}"
EndProject
Project("{9A19103F-16F7-4668-BE54-9A1E7A4F7556}") = "MAD.Lesson5", "MAD.Lesson5\MAD.Lesson5.csproj", "{FF297D40-500D-4913-A85C-A82666350493}"
EndProject
Project("{9A19103F-16F7-4668-BE54-9A1E7A4F7556}") = "MAD.Lesson6", "MAD.Lesson6\MAD.Lesson6.csproj", "{12FDD963-B9F9-45E2-8E51-F31FD7D54B7D}"
EndProject
Project("{9A19103F-16F7-4668-BE54-9A1E7A4F7556}") = "MAD.Lesson7", "MAD.Lesson7\MAD.Lesson7.csproj", "{4FBE8C92-06D7-4F7B-A745-51D14D607B14}"
EndProject
Project("{9A19103F-16F7-4668-BE54-9A1E7A4F7556}") = "MAD.Lesson8", "MAD.Lesson8\MAD.Lesson8.csproj", "{6B66B738-4436-4EB0-A0FF-86EF454E9635}"
EndProject
Project("{9A19103F-16F7-4668-BE54-9A1E7A4F7556}") = "MAD.Lesson9", "MAD.Lesson9\MAD.Lesson9.csproj", "{DF2F53B9-CBBD-4DA1-8056-8FD9229C0234}"
EndProject
Project("{9A19103F-16F7-4668-BE54-9A1E7A4F7556}") = "MAD.Lesson10", "MAD.Lesson10\MAD.Lesson10.csproj", "{D64F503D-891C-463E-ABB0-6C99E646FC0D}"
EndProject
Project("{FAE04EC0-301F-11D3-BF4B-00C04F79EFBC}") = "MAD.Lesson11", "MAD.Lesson11\MAD.Lesson11.csproj", "{B1FD71EB-877A-42DE-97AD-C65F8815F550}"
EndProject
Global
	GlobalSection(SolutionConfigurationPlatforms) = preSolution
		Debug|Any CPU = Debug|Any CPU
		Release|Any CPU = Release|Any CPU
	EndGlobalSection
	GlobalSection(ProjectConfigurationPlatforms) = postSolution
		{852044AF-0C33-44D2-AD2C-0FB04285306F}.Debug|Any CPU.ActiveCfg = Debug|Any CPU
		{852044AF-0C33-44D2-AD2C-0FB04285306F}.Debug|Any CPU.Build.0 = Debug|Any CPU
		{852044AF-0C33-44D2-AD2C-0FB04285306F}.Release|Any CPU.ActiveCfg = Release|Any CPU
		{852044AF-0C33-44D2-AD2C-0FB04285306F}.Release|Any CPU.Build.0 = Release|Any CPU
		{E4465C04-D4D8-4200-95B8-87DA6ACB7B54}.Debug|Any CPU.ActiveCfg = Debug|Any CPU
		{E4465C04-D4D8-4200-95B8-87DA6ACB7B54}.Debug|Any CPU.Build.0 = Debug|Any CPU
		{E4465C04-D4D8-4200-95B8-87DA6ACB7B54}.Release|Any CPU.ActiveCfg = Release|Any CPU
		{E4465C04-D4D8-4200-95B8-87DA6ACB7B54}.Release|Any CPU.Build.0 = Release|Any CPU
		{CB9C4949-DB15-458A-A0CB-E794D20C181A}.Debug|Any CPU.ActiveCfg = Debug|Any CPU
		{CB9C4949-DB15-458A-A0CB-E794D20C181A}.Debug|Any CPU.Build.0 = Debug|Any CPU
		{CB9C4949-DB15-458A-A0CB-E794D20C181A}.Release|Any CPU.ActiveCfg = Release|Any CPU
		{CB9C4949-DB15-458A-A0CB-E794D20C181A}.Release|Any CPU.Build.0 = Release|Any CPU
		{FF297D40-500D-4913-A85C-A82666350493}.Debug|Any CPU.ActiveCfg = Debug|Any CPU
		{FF297D40-500D-4913-A85C-A82666350493}.Debug|Any CPU.Build.0 = Debug|Any CPU
		{FF297D40-500D-4913-A85C-A82666350493}.Release|Any CPU.ActiveCfg = Release|Any CPU
		{FF297D40-500D-4913-A85C-A82666350493}.Release|Any CPU.Build.0 = Release|Any CPU
		{12FDD963-B9F9-45E2-8E51-F31FD7D54B7D}.Debug|Any CPU.ActiveCfg = Debug|Any CPU
		{12FDD963-B9F9-45E2-8E51-F31FD7D54B7D}.Debug|Any CPU.Build.0 = Debug|Any CPU
		{12FDD963-B9F9-45E2-8E51-F31FD7D54B7D}.Release|Any CPU.ActiveCfg = Release|Any CPU
		{12FDD963-B9F9-45E2-8E51-F31FD7D54B7D}.Release|Any CPU.Build.0 = Release|Any CPU
		{4FBE8C92-06D7-4F7B-A745-51D14D607B14}.Debug|Any CPU.ActiveCfg = Debug|Any CPU
		{4FBE8C92-06D7-4F7B-A745-51D14D607B14}.Debug|Any CPU.Build.0 = Debug|Any CPU
		{4FBE8C92-06D7-4F7B-A745-51D14D607B14}.Release|Any CPU.ActiveCfg = Release|Any CPU
		{4FBE8C92-06D7-4F7B-A745-51D14D607B14}.Release|Any CPU.Build.0 = Release|Any CPU
		{6B66B738-4436-4EB0-A0FF-86EF454E9635}.Debug|Any CPU.ActiveCfg = Debug|Any CPU
		{6B66B738-4436-4EB0-A0FF-86EF454E9635}.Debug|Any CPU.Build.0 = Debug|Any CPU
		{6B66B738-4436-4EB0-A0FF-86EF454E9635}.Release|Any CPU.ActiveCfg = Release|Any CPU
		{6B66B738-4436-4EB0-A0FF-86EF454E9635}.Release|Any CPU.Build.0 = Release|Any CPU
		{DF2F53B9-CBBD-4DA1-8056-8FD9229C0234}.Debug|Any CPU.ActiveCfg = Debug|Any CPU
		{DF2F53B9-CBBD-4DA1-8056-8FD9229C0234}.Debug|Any CPU.Build.0 = Debug|Any CPU
		{DF2F53B9-CBBD-4DA1-8056-8FD9229C0234}.Release|Any CPU.ActiveCfg = Release|Any CPU
		{DF2F53B9-CBBD-4DA1-8056-8FD9229C0234}.Release|Any CPU.Build.0 = Release|Any CPU
		{D64F503D-891C-463E-ABB0-6C99E646FC0D}.Debug|Any CPU.ActiveCfg = Debug|Any CPU
		{D64F503D-891C-463E-ABB0-6C99E646FC0D}.Debug|Any CPU.Build.0 = Debug|Any CPU
		{D64F503D-891C-463E-ABB0-6C99E646FC0D}.Release|Any CPU.ActiveCfg = Release|Any CPU
		{D64F503D-891C-463E-ABB0-6C99E646FC0D}.Release|Any CPU.Build.0 = Release|Any CPU
		{B1FD71EB-877A-42DE-97AD-C65F8815F550}.Debug|Any CPU.ActiveCfg = Debug|Any CPU
		{B1FD71EB-877A-42DE-97AD-C65F8815F550}.Debug|Any CPU.Build.0 = Debug|Any CPU
		{B1FD71EB-877A-42DE-97AD-C65F8815F550}.Release|Any CPU.ActiveCfg = Release|Any CPU
		{B1FD71EB-877A-42DE-97AD-C65F8815F550}.Release|Any CPU.Build.0 = Release|Any CPU
	EndGlobalSection
	GlobalSection(SolutionProperties) = preSolution
		HideSolutionNode = FALSE
	EndGlobalSection
	GlobalSection(ExtensibilityGlobals) = postSolution
		SolutionGuid = {F370DCDA-3563-45C8-9D70-014FB48263F2}
	EndGlobalSection
EndGlobal
